
Microsoft Visual Studio Solution File, Format Version 12.00
# Visual Studio Version 16
VisualStudioVersion = 16.0.30413.136
MinimumVisualStudioVersion = 10.0.40219.1
Project("{8BC9CEB8-8B4A-11D0-8D11-00A0C91BC942}") = "libkaleidoscope", "libkaleidoscope.vcxproj", "{757A4FC7-5EDA-43D4-AF8A-6A638FE1D115}"
EndProject
Project("{8BC9CEB8-8B4A-11D0-8D11-00A0C91BC942}") = "ktest", "ktest.vcxproj", "{3B059EE5-8057-4FA6-BDE5-3001CE20E572}"
	ProjectSection(ProjectDependencies) = postProject
		{757A4FC7-5EDA-43D4-AF8A-6A638FE1D115} = {757A4FC7-5EDA-43D4-AF8A-6A638FE1D115}
	EndProjectSection
EndProject
Project("{8BC9CEB8-8B4A-11D0-8D11-00A0C91BC942}") = "libio", "libio.vcxproj", "{09A55D09-B57C-49EB-9304-1B0F4A345A85}"
EndProject
Project("{8BC9CEB8-8B4A-11D0-8D11-00A0C91BC942}") = "kimg", "kimg.vcxproj", "{532D9FC9-6AB9-4F50-82F5-23853D2D9DB3}"
EndProject
Global
	GlobalSection(SolutionConfigurationPlatforms) = preSolution
		Debug|x64 = Debug|x64
		Debug|x86 = Debug|x86
		Release|x64 = Release|x64
		Release|x86 = Release|x86
	EndGlobalSection
	GlobalSection(ProjectConfigurationPlatforms) = postSolution
		{757A4FC7-5EDA-43D4-AF8A-6A638FE1D115}.Debug|x64.ActiveCfg = Debug|x64
		{757A4FC7-5EDA-43D4-AF8A-6A638FE1D115}.Debug|x64.Build.0 = Debug|x64
		{757A4FC7-5EDA-43D4-AF8A-6A638FE1D115}.Debug|x86.ActiveCfg = Debug|Win32
		{757A4FC7-5EDA-43D4-AF8A-6A638FE1D115}.Debug|x86.Build.0 = Debug|Win32
		{757A4FC7-5EDA-43D4-AF8A-6A638FE1D115}.Release|x64.ActiveCfg = Release|x64
		{757A4FC7-5EDA-43D4-AF8A-6A638FE1D115}.Release|x64.Build.0 = Release|x64
		{757A4FC7-5EDA-43D4-AF8A-6A638FE1D115}.Release|x86.ActiveCfg = Release|Win32
		{757A4FC7-5EDA-43D4-AF8A-6A638FE1D115}.Release|x86.Build.0 = Release|Win32
		{3B059EE5-8057-4FA6-BDE5-3001CE20E572}.Debug|x64.ActiveCfg = Debug|x64
		{3B059EE5-8057-4FA6-BDE5-3001CE20E572}.Debug|x64.Build.0 = Debug|x64
		{3B059EE5-8057-4FA6-BDE5-3001CE20E572}.Debug|x86.ActiveCfg = Debug|Win32
		{3B059EE5-8057-4FA6-BDE5-3001CE20E572}.Debug|x86.Build.0 = Debug|Win32
		{3B059EE5-8057-4FA6-BDE5-3001CE20E572}.Release|x64.ActiveCfg = Release|x64
		{3B059EE5-8057-4FA6-BDE5-3001CE20E572}.Release|x64.Build.0 = Release|x64
		{3B059EE5-8057-4FA6-BDE5-3001CE20E572}.Release|x86.ActiveCfg = Release|Win32
		{3B059EE5-8057-4FA6-BDE5-3001CE20E572}.Release|x86.Build.0 = Release|Win32
		{09A55D09-B57C-49EB-9304-1B0F4A345A85}.Debug|x64.ActiveCfg = Debug|x64
		{09A55D09-B57C-49EB-9304-1B0F4A345A85}.Debug|x64.Build.0 = Debug|x64
		{09A55D09-B57C-49EB-9304-1B0F4A345A85}.Debug|x86.ActiveCfg = Debug|Win32
		{09A55D09-B57C-49EB-9304-1B0F4A345A85}.Debug|x86.Build.0 = Debug|Win32
		{09A55D09-B57C-49EB-9304-1B0F4A345A85}.Release|x64.ActiveCfg = Release|x64
		{09A55D09-B57C-49EB-9304-1B0F4A345A85}.Release|x64.Build.0 = Release|x64
		{09A55D09-B57C-49EB-9304-1B0F4A345A85}.Release|x86.ActiveCfg = Release|Win32
		{09A55D09-B57C-49EB-9304-1B0F4A345A85}.Release|x86.Build.0 = Release|Win32
		{532D9FC9-6AB9-4F50-82F5-23853D2D9DB3}.Debug|x64.ActiveCfg = Debug|x64
		{532D9FC9-6AB9-4F50-82F5-23853D2D9DB3}.Debug|x64.Build.0 = Debug|x64
		{532D9FC9-6AB9-4F50-82F5-23853D2D9DB3}.Debug|x86.ActiveCfg = Debug|Win32
		{532D9FC9-6AB9-4F50-82F5-23853D2D9DB3}.Debug|x86.Build.0 = Debug|Win32
		{532D9FC9-6AB9-4F50-82F5-23853D2D9DB3}.Release|x64.ActiveCfg = Release|x64
		{532D9FC9-6AB9-4F50-82F5-23853D2D9DB3}.Release|x64.Build.0 = Release|x64
		{532D9FC9-6AB9-4F50-82F5-23853D2D9DB3}.Release|x86.ActiveCfg = Release|Win32
		{532D9FC9-6AB9-4F50-82F5-23853D2D9DB3}.Release|x86.Build.0 = Release|Win32
	EndGlobalSection
	GlobalSection(SolutionProperties) = preSolution
		HideSolutionNode = FALSE
	EndGlobalSection
	GlobalSection(ExtensibilityGlobals) = postSolution
		SolutionGuid = {FAAEC46C-EC54-4392-A627-EB31FE00EE78}
	EndGlobalSection
EndGlobal
